
Microsoft Visual Studio Solution File, Format Version 12.00
# Visual Studio Version 16
VisualStudioVersion = 16.0.28803.202
MinimumVisualStudioVersion = 10.0.40219.1
Project("{FAE04EC0-301F-11D3-BF4B-00C04F79EFBC}") = "SpeechRecognitionSample", "Speech Recognition Sample\SpeechRecognitionSample.csproj", "{A22EBA02-6BEF-4D64-8C11-5A01AC53326B}"
EndProject
Global
	GlobalSection(SolutionConfigurationPlatforms) = preSolution
		Debug|Any CPU = Debug|Any CPU
		Release|Any CPU = Release|Any CPU
	EndGlobalSection
	GlobalSection(ProjectConfigurationPlatforms) = postSolution
		{A22EBA02-6BEF-4D64-8C11-5A01AC53326B}.Debug|Any CPU.ActiveCfg = Debug|Any CPU
		{A22EBA02-6BEF-4D64-8C11-5A01AC53326B}.Debug|Any CPU.Build.0 = Debug|Any CPU
		{A22EBA02-6BEF-4D64-8C11-5A01AC53326B}.Release|Any CPU.ActiveCfg = Release|Any CPU
		{A22EBA02-6BEF-4D64-8C11-5A01AC53326B}.Release|Any CPU.Build.0 = Release|Any CPU
	EndGlobalSection
	GlobalSection(SolutionProperties) = preSolution
		HideSolutionNode = FALSE
	EndGlobalSection
	GlobalSection(ExtensibilityGlobals) = postSolution
		SolutionGuid = {79942A26-B30C-4DD8-9F1E-0C2CE36BCD83}
	EndGlobalSection
EndGlobal
